
Microsoft Visual Studio Solution File, Format Version 12.00
# Visual Studio Version 17
VisualStudioVersion = 17.0.31903.59
MinimumVisualStudioVersion = 10.0.40219.1
Project("{FAE04EC0-301F-11D3-BF4B-00C04F79EFBC}") = "Presence.Posting.Lib", "Presence.Posting.Lib\Presence.Posting.Lib.csproj", "{06A0AB0F-9366-4A3E-98C5-AADF5A94386D}"
EndProject
Project("{FAE04EC0-301F-11D3-BF4B-00C04F79EFBC}") = "Presence.SocialFormat.Lib", "Presence.SocialFormat.Lib\Presence.SocialFormat.Lib.csproj", "{8A778277-FF7F-4FDB-82D9-28A8DA798E3D}"
EndProject
Project("{FAE04EC0-301F-11D3-BF4B-00C04F79EFBC}") = "Presence.SocialFormat.Lib.Tests", "Presence.SocialFormat.Lib.Tests\Presence.SocialFormat.Lib.Tests.csproj", "{C3F41CDC-39A0-4260-87DC-DF6FEA799C69}"
EndProject
Project("{FAE04EC0-301F-11D3-BF4B-00C04F79EFBC}") = "Presence.SocialFormat.Console", "Presence.SocialFormat.Console\Presence.SocialFormat.Console.csproj", "{F8514DF7-88FC-4C45-9F5A-585B3106673E}"
EndProject
Project("{FAE04EC0-301F-11D3-BF4B-00C04F79EFBC}") = "Presence.Posting.Lib.Tests", "Presence.Posting.Lib.Tests\Presence.Posting.Lib.Tests.csproj", "{BB56E413-9E7A-43EF-80D0-CDEA6CC06D9C}"
EndProject
Project("{FAE04EC0-301F-11D3-BF4B-00C04F79EFBC}") = "Presence.Posting.Console", "Presence.Posting.Console\Presence.Posting.Console.csproj", "{E98D53D3-3A4C-425D-8ACE-C276FCB2B54A}"
EndProject
Global
	GlobalSection(SolutionConfigurationPlatforms) = preSolution
		Debug|Any CPU = Debug|Any CPU
		Release|Any CPU = Release|Any CPU
	EndGlobalSection
	GlobalSection(SolutionProperties) = preSolution
		HideSolutionNode = FALSE
	EndGlobalSection
	GlobalSection(ProjectConfigurationPlatforms) = postSolution
		{B4E12AF0-0E1D-4744-BF94-20FDF46B43D9}.Debug|Any CPU.ActiveCfg = Debug|Any CPU
		{B4E12AF0-0E1D-4744-BF94-20FDF46B43D9}.Debug|Any CPU.Build.0 = Debug|Any CPU
		{B4E12AF0-0E1D-4744-BF94-20FDF46B43D9}.Release|Any CPU.ActiveCfg = Release|Any CPU
		{B4E12AF0-0E1D-4744-BF94-20FDF46B43D9}.Release|Any CPU.Build.0 = Release|Any CPU
		{E3777C13-EA0C-436D-9A6F-CCC83F46E5A8}.Debug|Any CPU.ActiveCfg = Debug|Any CPU
		{E3777C13-EA0C-436D-9A6F-CCC83F46E5A8}.Debug|Any CPU.Build.0 = Debug|Any CPU
		{E3777C13-EA0C-436D-9A6F-CCC83F46E5A8}.Release|Any CPU.ActiveCfg = Release|Any CPU
		{E3777C13-EA0C-436D-9A6F-CCC83F46E5A8}.Release|Any CPU.Build.0 = Release|Any CPU
		{06A0AB0F-9366-4A3E-98C5-AADF5A94386D}.Debug|Any CPU.ActiveCfg = Debug|Any CPU
		{06A0AB0F-9366-4A3E-98C5-AADF5A94386D}.Debug|Any CPU.Build.0 = Debug|Any CPU
		{06A0AB0F-9366-4A3E-98C5-AADF5A94386D}.Release|Any CPU.ActiveCfg = Release|Any CPU
		{06A0AB0F-9366-4A3E-98C5-AADF5A94386D}.Release|Any CPU.Build.0 = Release|Any CPU
		{8A778277-FF7F-4FDB-82D9-28A8DA798E3D}.Debug|Any CPU.ActiveCfg = Debug|Any CPU
		{8A778277-FF7F-4FDB-82D9-28A8DA798E3D}.Debug|Any CPU.Build.0 = Debug|Any CPU
		{8A778277-FF7F-4FDB-82D9-28A8DA798E3D}.Release|Any CPU.ActiveCfg = Release|Any CPU
		{8A778277-FF7F-4FDB-82D9-28A8DA798E3D}.Release|Any CPU.Build.0 = Release|Any CPU
		{C3F41CDC-39A0-4260-87DC-DF6FEA799C69}.Debug|Any CPU.ActiveCfg = Debug|Any CPU
		{C3F41CDC-39A0-4260-87DC-DF6FEA799C69}.Debug|Any CPU.Build.0 = Debug|Any CPU
		{C3F41CDC-39A0-4260-87DC-DF6FEA799C69}.Release|Any CPU.ActiveCfg = Release|Any CPU
		{C3F41CDC-39A0-4260-87DC-DF6FEA799C69}.Release|Any CPU.Build.0 = Release|Any CPU
		{F8514DF7-88FC-4C45-9F5A-585B3106673E}.Debug|Any CPU.ActiveCfg = Debug|Any CPU
		{F8514DF7-88FC-4C45-9F5A-585B3106673E}.Debug|Any CPU.Build.0 = Debug|Any CPU
		{F8514DF7-88FC-4C45-9F5A-585B3106673E}.Release|Any CPU.ActiveCfg = Release|Any CPU
		{F8514DF7-88FC-4C45-9F5A-585B3106673E}.Release|Any CPU.Build.0 = Release|Any CPU
		{BB56E413-9E7A-43EF-80D0-CDEA6CC06D9C}.Debug|Any CPU.ActiveCfg = Debug|Any CPU
		{BB56E413-9E7A-43EF-80D0-CDEA6CC06D9C}.Debug|Any CPU.Build.0 = Debug|Any CPU
		{BB56E413-9E7A-43EF-80D0-CDEA6CC06D9C}.Release|Any CPU.ActiveCfg = Release|Any CPU
		{BB56E413-9E7A-43EF-80D0-CDEA6CC06D9C}.Release|Any CPU.Build.0 = Release|Any CPU
		{E98D53D3-3A4C-425D-8ACE-C276FCB2B54A}.Debug|Any CPU.ActiveCfg = Debug|Any CPU
		{E98D53D3-3A4C-425D-8ACE-C276FCB2B54A}.Debug|Any CPU.Build.0 = Debug|Any CPU
		{E98D53D3-3A4C-425D-8ACE-C276FCB2B54A}.Release|Any CPU.ActiveCfg = Release|Any CPU
		{E98D53D3-3A4C-425D-8ACE-C276FCB2B54A}.Release|Any CPU.Build.0 = Release|Any CPU
	EndGlobalSection
EndGlobal
